
Microsoft Visual Studio Solution File, Format Version 12.00
# Visual Studio Version 17
VisualStudioVersion = 17.6.33829.357
MinimumVisualStudioVersion = 10.0.40219.1
Project("{2150E333-8FDC-42A3-9474-1A3956D46DE8}") = "src", "src", "{1783C9EE-79E5-4217-93DD-36A54CC941D2}"
EndProject
Project("{2150E333-8FDC-42A3-9474-1A3956D46DE8}") = "test", "test", "{CF39979C-D7D7-4357-8A52-4A50D5E5C4D7}"
EndProject
Project("{9A19103F-16F7-4668-BE54-9A1E7A4F7556}") = "Bookify.Domain", "Bookify.Domain\Bookify.Domain.csproj", "{DF1B69F2-5EA8-4CB0-956E-8C45B749C6DE}"
EndProject
Project("{2150E333-8FDC-42A3-9474-1A3956D46DE8}") = "Solution Items", "Solution Items", "{7998171D-64B5-4591-A9CE-506C778A1F3C}"
	ProjectSection(SolutionItems) = preProject
		.editorconfig = .editorconfig
	EndProjectSection
EndProject
Project("{9A19103F-16F7-4668-BE54-9A1E7A4F7556}") = "Bookify.Application", "Bookify.Application\Bookify.Application.csproj", "{CF83080D-D22F-4E83-B5D2-DFB27ACACAAB}"
EndProject
Project("{9A19103F-16F7-4668-BE54-9A1E7A4F7556}") = "Bookify.Infrastructure", "Bookify.Infrastructure\Bookify.Infrastructure.csproj", "{5F3C9423-AD5A-489D-8AD4-F5095BB3FDAC}"
EndProject
Project("{9A19103F-16F7-4668-BE54-9A1E7A4F7556}") = "Bookify.Api", "Bookify.Api\Bookify.Api.csproj", "{191C98A1-E84A-491C-AF4B-25668D0B69CD}"
EndProject
Project("{E53339B2-1760-4266-BCC7-CA923CBCF16C}") = "docker-compose", "docker-compose.dcproj", "{DD569F21-2189-4208-9F4A-EEA6F71D62D6}"
EndProject
Project("{9A19103F-16F7-4668-BE54-9A1E7A4F7556}") = "Bookify.Domain.UnitTests", "Bookify.Domain.UnitTests\Bookify.Domain.UnitTests.csproj", "{C648F99B-3333-472F-A1BE-1F961BD4E80A}"
EndProject
Project("{FAE04EC0-301F-11D3-BF4B-00C04F79EFBC}") = "Bookify.Application.UnitTests", "Bookify.Application.UnitTests\Bookify.Application.UnitTests.csproj", "{F70EB453-0ABD-4994-ACFF-8BCD6B4DB3C9}"
EndProject
Project("{FAE04EC0-301F-11D3-BF4B-00C04F79EFBC}") = "Bookify.Application.IntegrationTests", "Bookify.Application.IntegrationTests\Bookify.Application.IntegrationTests.csproj", "{23EB0FCD-71D3-4613-9E99-00F06B225830}"
EndProject
Project("{FAE04EC0-301F-11D3-BF4B-00C04F79EFBC}") = "Bookify.Api.FunctionalTests", "Bookify.Api.FunctionalTests\Bookify.Api.FunctionalTests.csproj", "{EEC23BBE-D425-4729-9414-F88877C8243A}"
EndProject
Project("{FAE04EC0-301F-11D3-BF4B-00C04F79EFBC}") = "Bookify.ArchitectureTests", "Bookify.ArchitectureTests\Bookify.ArchitectureTests.csproj", "{2DF32AD2-69E1-4769-99FC-E1DF883A2527}"
EndProject
Global
	GlobalSection(SolutionConfigurationPlatforms) = preSolution
		Debug|Any CPU = Debug|Any CPU
		Release|Any CPU = Release|Any CPU
	EndGlobalSection
	GlobalSection(ProjectConfigurationPlatforms) = postSolution
		{DF1B69F2-5EA8-4CB0-956E-8C45B749C6DE}.Debug|Any CPU.ActiveCfg = Debug|Any CPU
		{DF1B69F2-5EA8-4CB0-956E-8C45B749C6DE}.Debug|Any CPU.Build.0 = Debug|Any CPU
		{DF1B69F2-5EA8-4CB0-956E-8C45B749C6DE}.Release|Any CPU.ActiveCfg = Release|Any CPU
		{DF1B69F2-5EA8-4CB0-956E-8C45B749C6DE}.Release|Any CPU.Build.0 = Release|Any CPU
		{CF83080D-D22F-4E83-B5D2-DFB27ACACAAB}.Debug|Any CPU.ActiveCfg = Debug|Any CPU
		{CF83080D-D22F-4E83-B5D2-DFB27ACACAAB}.Debug|Any CPU.Build.0 = Debug|Any CPU
		{CF83080D-D22F-4E83-B5D2-DFB27ACACAAB}.Release|Any CPU.ActiveCfg = Release|Any CPU
		{CF83080D-D22F-4E83-B5D2-DFB27ACACAAB}.Release|Any CPU.Build.0 = Release|Any CPU
		{5F3C9423-AD5A-489D-8AD4-F5095BB3FDAC}.Debug|Any CPU.ActiveCfg = Debug|Any CPU
		{5F3C9423-AD5A-489D-8AD4-F5095BB3FDAC}.Debug|Any CPU.Build.0 = Debug|Any CPU
		{5F3C9423-AD5A-489D-8AD4-F5095BB3FDAC}.Release|Any CPU.ActiveCfg = Release|Any CPU
		{5F3C9423-AD5A-489D-8AD4-F5095BB3FDAC}.Release|Any CPU.Build.0 = Release|Any CPU
		{191C98A1-E84A-491C-AF4B-25668D0B69CD}.Debug|Any CPU.ActiveCfg = Debug|Any CPU
		{191C98A1-E84A-491C-AF4B-25668D0B69CD}.Debug|Any CPU.Build.0 = Debug|Any CPU
		{191C98A1-E84A-491C-AF4B-25668D0B69CD}.Release|Any CPU.ActiveCfg = Release|Any CPU
		{191C98A1-E84A-491C-AF4B-25668D0B69CD}.Release|Any CPU.Build.0 = Release|Any CPU
		{DD569F21-2189-4208-9F4A-EEA6F71D62D6}.Debug|Any CPU.ActiveCfg = Debug|Any CPU
		{DD569F21-2189-4208-9F4A-EEA6F71D62D6}.Debug|Any CPU.Build.0 = Debug|Any CPU
		{DD569F21-2189-4208-9F4A-EEA6F71D62D6}.Release|Any CPU.ActiveCfg = Release|Any CPU
		{DD569F21-2189-4208-9F4A-EEA6F71D62D6}.Release|Any CPU.Build.0 = Release|Any CPU
		{C648F99B-3333-472F-A1BE-1F961BD4E80A}.Debug|Any CPU.ActiveCfg = Debug|Any CPU
		{C648F99B-3333-472F-A1BE-1F961BD4E80A}.Debug|Any CPU.Build.0 = Debug|Any CPU
		{C648F99B-3333-472F-A1BE-1F961BD4E80A}.Release|Any CPU.ActiveCfg = Release|Any CPU
		{C648F99B-3333-472F-A1BE-1F961BD4E80A}.Release|Any CPU.Build.0 = Release|Any CPU
		{F70EB453-0ABD-4994-ACFF-8BCD6B4DB3C9}.Debug|Any CPU.ActiveCfg = Debug|Any CPU
		{F70EB453-0ABD-4994-ACFF-8BCD6B4DB3C9}.Debug|Any CPU.Build.0 = Debug|Any CPU
		{F70EB453-0ABD-4994-ACFF-8BCD6B4DB3C9}.Release|Any CPU.ActiveCfg = Release|Any CPU
		{F70EB453-0ABD-4994-ACFF-8BCD6B4DB3C9}.Release|Any CPU.Build.0 = Release|Any CPU
		{23EB0FCD-71D3-4613-9E99-00F06B225830}.Debug|Any CPU.ActiveCfg = Debug|Any CPU
		{23EB0FCD-71D3-4613-9E99-00F06B225830}.Debug|Any CPU.Build.0 = Debug|Any CPU
		{23EB0FCD-71D3-4613-9E99-00F06B225830}.Release|Any CPU.ActiveCfg = Release|Any CPU
		{23EB0FCD-71D3-4613-9E99-00F06B225830}.Release|Any CPU.Build.0 = Release|Any CPU
		{EEC23BBE-D425-4729-9414-F88877C8243A}.Debug|Any CPU.ActiveCfg = Debug|Any CPU
		{EEC23BBE-D425-4729-9414-F88877C8243A}.Debug|Any CPU.Build.0 = Debug|Any CPU
		{EEC23BBE-D425-4729-9414-F88877C8243A}.Release|Any CPU.ActiveCfg = Release|Any CPU
		{EEC23BBE-D425-4729-9414-F88877C8243A}.Release|Any CPU.Build.0 = Release|Any CPU
		{2DF32AD2-69E1-4769-99FC-E1DF883A2527}.Debug|Any CPU.ActiveCfg = Debug|Any CPU
		{2DF32AD2-69E1-4769-99FC-E1DF883A2527}.Debug|Any CPU.Build.0 = Debug|Any CPU
		{2DF32AD2-69E1-4769-99FC-E1DF883A2527}.Release|Any CPU.ActiveCfg = Release|Any CPU
		{2DF32AD2-69E1-4769-99FC-E1DF883A2527}.Release|Any CPU.Build.0 = Release|Any CPU
	EndGlobalSection
	GlobalSection(SolutionProperties) = preSolution
		HideSolutionNode = FALSE
	EndGlobalSection
	GlobalSection(NestedProjects) = preSolution
		{DF1B69F2-5EA8-4CB0-956E-8C45B749C6DE} = {1783C9EE-79E5-4217-93DD-36A54CC941D2}
		{CF83080D-D22F-4E83-B5D2-DFB27ACACAAB} = {1783C9EE-79E5-4217-93DD-36A54CC941D2}
		{5F3C9423-AD5A-489D-8AD4-F5095BB3FDAC} = {1783C9EE-79E5-4217-93DD-36A54CC941D2}
		{191C98A1-E84A-491C-AF4B-25668D0B69CD} = {1783C9EE-79E5-4217-93DD-36A54CC941D2}
		{C648F99B-3333-472F-A1BE-1F961BD4E80A} = {CF39979C-D7D7-4357-8A52-4A50D5E5C4D7}
		{F70EB453-0ABD-4994-ACFF-8BCD6B4DB3C9} = {CF39979C-D7D7-4357-8A52-4A50D5E5C4D7}
		{23EB0FCD-71D3-4613-9E99-00F06B225830} = {CF39979C-D7D7-4357-8A52-4A50D5E5C4D7}
		{EEC23BBE-D425-4729-9414-F88877C8243A} = {CF39979C-D7D7-4357-8A52-4A50D5E5C4D7}
		{2DF32AD2-69E1-4769-99FC-E1DF883A2527} = {CF39979C-D7D7-4357-8A52-4A50D5E5C4D7}
	EndGlobalSection
	GlobalSection(ExtensibilityGlobals) = postSolution
		SolutionGuid = {7640A606-223E-4349-AF0B-3F3D28D2AD56}
	EndGlobalSection
EndGlobal
